schema: '2.0'
stages:
  prepare:
    cmd: python src/data_prep.py
    deps:
    - path: data/raw/telco_churn.csv
      hash: md5
      md5: 006527876bfe18c977d74eb4bc59443f
      size: 873370
    - path: params.yaml
      hash: md5
      md5: 8a9e2366d5da56a92fad87cb25f308a6
      size: 193
    - path: src/data_prep.py
      hash: md5
      md5: 46d1d5e34fdd139aeea6c00ab5ce161b
      size: 1616
    outs:
    - path: data/processed/telco_churn_clean.csv
      hash: md5
      md5: ea414c80f0cff08fa50d14694953949e
      size: 783359
  train:
    cmd: python src/train.py
    deps:
    - path: data/processed/telco_churn_clean.csv
      hash: md5
      md5: ea414c80f0cff08fa50d14694953949e
      size: 783359
    - path: params.yaml
      hash: md5
      md5: 8a9e2366d5da56a92fad87cb25f308a6
      size: 193
    - path: src/train.py
      hash: md5
      md5: aec6bd3b7ba57b9a38e69ff115844fbe
      size: 3208
    outs:
    - path: metrics.json
      hash: md5
      md5: 5dfac600986786652528393fcb33388d
      size: 167
    - path: models/model.pkl
      hash: md5
      md5: 5462a57115a83f47833fea2770f77d64
      size: 5025
